
Microsoft Visual Studio Solution File, Format Version 12.00
Project("{FAE04EC0-301F-11D3-BF4B-00C04F79EFBC}") = "MenuSystem", "MenuSystem\MenuSystem.csproj", "{3D6B86AF-3A4D-4145-A2D8-57FE6AF4CADF}"
EndProject
Project("{FAE04EC0-301F-11D3-BF4B-00C04F79EFBC}") = "BattleShipBrain", "BattleShipBrain\BattleShipBrain.csproj", "{FCB89975-74B2-41BA-A14C-EF81A15192E3}"
EndProject
Project("{FAE04EC0-301F-11D3-BF4B-00C04F79EFBC}") = "BattleShipConsoleApp", "BattleShipConsoleApp\BattleShipConsoleApp.csproj", "{2C1776A5-855D-4B27-99D0-8419C100A6A5}"
EndProject
Project("{FAE04EC0-301F-11D3-BF4B-00C04F79EFBC}") = "BattleShipConsoleUI", "BattleShipConsoleUI\BattleShipConsoleUI.csproj", "{976FBEE4-F336-4BE5-BFB3-D95ACD6649C1}"
EndProject
Project("{2150E333-8FDC-42A3-9474-1A3956D46DE8}") = "Solution Items", "Solution Items", "{7F276679-D63A-4761-8A30-0755AD63C4EF}"
ProjectSection(SolutionItems) = preProject
	Directory.Build.props = Directory.Build.props
EndProjectSection
EndProject
Project("{FAE04EC0-301F-11D3-BF4B-00C04F79EFBC}") = "BattleShipConfigMenu", "BattleShipConfigMenu\BattleShipConfigMenu.csproj", "{3904FCD5-50B3-44FF-9E07-19332E3F1CFB}"
EndProject
Project("{FAE04EC0-301F-11D3-BF4B-00C04F79EFBC}") = "Domain", "Domain\Domain.csproj", "{2A2B64CE-B021-419B-8953-AB0D9406C631}"
EndProject
Project("{FAE04EC0-301F-11D3-BF4B-00C04F79EFBC}") = "DAL", "DAL\DAL.csproj", "{E6DC2F15-FAEB-4FD9-A958-3D01BE4AEE77}"
EndProject
Project("{FAE04EC0-301F-11D3-BF4B-00C04F79EFBC}") = "WebApp", "WebApp\WebApp.csproj", "{F794CAE6-21FA-448F-A5E7-2FB8A16C41F9}"
EndProject
Global
	GlobalSection(SolutionConfigurationPlatforms) = preSolution
		Debug|Any CPU = Debug|Any CPU
		Release|Any CPU = Release|Any CPU
	EndGlobalSection
	GlobalSection(ProjectConfigurationPlatforms) = postSolution
		{3D6B86AF-3A4D-4145-A2D8-57FE6AF4CADF}.Debug|Any CPU.ActiveCfg = Debug|Any CPU
		{3D6B86AF-3A4D-4145-A2D8-57FE6AF4CADF}.Debug|Any CPU.Build.0 = Debug|Any CPU
		{3D6B86AF-3A4D-4145-A2D8-57FE6AF4CADF}.Release|Any CPU.ActiveCfg = Release|Any CPU
		{3D6B86AF-3A4D-4145-A2D8-57FE6AF4CADF}.Release|Any CPU.Build.0 = Release|Any CPU
		{FCB89975-74B2-41BA-A14C-EF81A15192E3}.Debug|Any CPU.ActiveCfg = Debug|Any CPU
		{FCB89975-74B2-41BA-A14C-EF81A15192E3}.Debug|Any CPU.Build.0 = Debug|Any CPU
		{FCB89975-74B2-41BA-A14C-EF81A15192E3}.Release|Any CPU.ActiveCfg = Release|Any CPU
		{FCB89975-74B2-41BA-A14C-EF81A15192E3}.Release|Any CPU.Build.0 = Release|Any CPU
		{2C1776A5-855D-4B27-99D0-8419C100A6A5}.Debug|Any CPU.ActiveCfg = Debug|Any CPU
		{2C1776A5-855D-4B27-99D0-8419C100A6A5}.Debug|Any CPU.Build.0 = Debug|Any CPU
		{2C1776A5-855D-4B27-99D0-8419C100A6A5}.Release|Any CPU.ActiveCfg = Release|Any CPU
		{2C1776A5-855D-4B27-99D0-8419C100A6A5}.Release|Any CPU.Build.0 = Release|Any CPU
		{976FBEE4-F336-4BE5-BFB3-D95ACD6649C1}.Debug|Any CPU.ActiveCfg = Debug|Any CPU
		{976FBEE4-F336-4BE5-BFB3-D95ACD6649C1}.Debug|Any CPU.Build.0 = Debug|Any CPU
		{976FBEE4-F336-4BE5-BFB3-D95ACD6649C1}.Release|Any CPU.ActiveCfg = Release|Any CPU
		{976FBEE4-F336-4BE5-BFB3-D95ACD6649C1}.Release|Any CPU.Build.0 = Release|Any CPU
		{3904FCD5-50B3-44FF-9E07-19332E3F1CFB}.Debug|Any CPU.ActiveCfg = Debug|Any CPU
		{3904FCD5-50B3-44FF-9E07-19332E3F1CFB}.Debug|Any CPU.Build.0 = Debug|Any CPU
		{3904FCD5-50B3-44FF-9E07-19332E3F1CFB}.Release|Any CPU.ActiveCfg = Release|Any CPU
		{3904FCD5-50B3-44FF-9E07-19332E3F1CFB}.Release|Any CPU.Build.0 = Release|Any CPU
		{2A2B64CE-B021-419B-8953-AB0D9406C631}.Debug|Any CPU.ActiveCfg = Debug|Any CPU
		{2A2B64CE-B021-419B-8953-AB0D9406C631}.Debug|Any CPU.Build.0 = Debug|Any CPU
		{2A2B64CE-B021-419B-8953-AB0D9406C631}.Release|Any CPU.ActiveCfg = Release|Any CPU
		{2A2B64CE-B021-419B-8953-AB0D9406C631}.Release|Any CPU.Build.0 = Release|Any CPU
		{E6DC2F15-FAEB-4FD9-A958-3D01BE4AEE77}.Debug|Any CPU.ActiveCfg = Debug|Any CPU
		{E6DC2F15-FAEB-4FD9-A958-3D01BE4AEE77}.Debug|Any CPU.Build.0 = Debug|Any CPU
		{E6DC2F15-FAEB-4FD9-A958-3D01BE4AEE77}.Release|Any CPU.ActiveCfg = Release|Any CPU
		{E6DC2F15-FAEB-4FD9-A958-3D01BE4AEE77}.Release|Any CPU.Build.0 = Release|Any CPU
		{F794CAE6-21FA-448F-A5E7-2FB8A16C41F9}.Debug|Any CPU.ActiveCfg = Debug|Any CPU
		{F794CAE6-21FA-448F-A5E7-2FB8A16C41F9}.Debug|Any CPU.Build.0 = Debug|Any CPU
		{F794CAE6-21FA-448F-A5E7-2FB8A16C41F9}.Release|Any CPU.ActiveCfg = Release|Any CPU
		{F794CAE6-21FA-448F-A5E7-2FB8A16C41F9}.Release|Any CPU.Build.0 = Release|Any CPU
	EndGlobalSection
EndGlobal
