
Microsoft Visual Studio Solution File, Format Version 12.00
Project("{2150E333-8FDC-42A3-9474-1A3956D46DE8}") = "App", "App", "{920D8DFF-99D6-47B1-99CF-F0458F663DE6}"
EndProject
Project("{2150E333-8FDC-42A3-9474-1A3956D46DE8}") = "Base", "Base", "{8ED961F5-24EE-4BC2-902C-0B91A3AEDF39}"
EndProject
Project("{2150E333-8FDC-42A3-9474-1A3956D46DE8}") = "Base.Contracts", "Base.Contracts", "{B77998BD-6000-4E5C-BC5F-BD5E4186CF18}"
EndProject
Project("{2150E333-8FDC-42A3-9474-1A3956D46DE8}") = "Solution Items", "Solution Items", "{FC13024E-4537-4098-A015-A8A96C88EA90}"
	ProjectSection(SolutionItems) = preProject
		Directory.Build.props = Directory.Build.props
		..\README.md = ..\README.md
		.dockerignore = .dockerignore
		docker-compose.yml = docker-compose.yml
		..\.gitignore = ..\.gitignore
		Dockerfile = Dockerfile
	EndProjectSection
EndProject
Project("{FAE04EC0-301F-11D3-BF4B-00C04F79EFBC}") = "App.DAL.EF", "App.DAL.EF\App.DAL.EF.csproj", "{B9DFCC6D-4ACA-4724-A433-8D4BAB986459}"
EndProject
Project("{FAE04EC0-301F-11D3-BF4B-00C04F79EFBC}") = "App.Domain", "App.Domain\App.Domain.csproj", "{AD0D2387-BC72-4571-83F7-A7BF4A0D7310}"
EndProject
Project("{FAE04EC0-301F-11D3-BF4B-00C04F79EFBC}") = "Base.Domain", "Base.Domain\Base.Domain.csproj", "{90BBE381-7CD1-44C5-9113-E74F2CD7D57B}"
EndProject
Project("{FAE04EC0-301F-11D3-BF4B-00C04F79EFBC}") = "Base.Contracts.Domain", "Base.Contracts.Domain\Base.Contracts.Domain.csproj", "{53C308AE-82BD-4C7B-818B-14E2EAD5A540}"
EndProject
Project("{FAE04EC0-301F-11D3-BF4B-00C04F79EFBC}") = "WebApp", "WebApp\WebApp.csproj", "{B8C236E1-31FF-40EF-BA65-2A6DBC21A06C}"
EndProject
Project("{FAE04EC0-301F-11D3-BF4B-00C04F79EFBC}") = "App.Resources", "App.Resources\App.Resources.csproj", "{2BA33380-054C-411B-BE3C-8C3448C0F755}"
EndProject
Project("{FAE04EC0-301F-11D3-BF4B-00C04F79EFBC}") = "Base.Resources", "Base.Resources\Base.Resources.csproj", "{E18F2BDD-3996-4861-B288-2F36BBED0192}"
EndProject
Project("{FAE04EC0-301F-11D3-BF4B-00C04F79EFBC}") = "Helpers.WebApp", "Helpers.WebApp\Helpers.WebApp.csproj", "{6AB73714-2623-4E9C-86D2-B8A29990E2C6}"
EndProject
Project("{FAE04EC0-301F-11D3-BF4B-00C04F79EFBC}") = "Base.DAL.EF", "Base.DAL.EF\Base.DAL.EF.csproj", "{76A9D059-87EA-4934-A920-0447D48269D4}"
EndProject
Project("{FAE04EC0-301F-11D3-BF4B-00C04F79EFBC}") = "App.Contracts.DAL", "App.Contracts.DAL\App.Contracts.DAL.csproj", "{157A5956-968B-460D-B8E7-84F27FC6B09C}"
EndProject
Project("{FAE04EC0-301F-11D3-BF4B-00C04F79EFBC}") = "Base.Extensions", "Base.Extensions\Base.Extensions.csproj", "{C1C4E770-F102-4002-A9E6-7E085A0CA3FF}"
EndProject
Project("{FAE04EC0-301F-11D3-BF4B-00C04F79EFBC}") = "Base.DAL", "Base.DAL\Base.DAL.csproj", "{5E1B3717-B96A-428A-ABFF-D67BED4107DA}"
EndProject
Project("{FAE04EC0-301F-11D3-BF4B-00C04F79EFBC}") = "Base.Contracts.Base", "Base.Contracts.Base\Base.Contracts.Base.csproj", "{757ED613-5EFF-4140-94CD-C27121D335F6}"
EndProject
Project("{FAE04EC0-301F-11D3-BF4B-00C04F79EFBC}") = "Base.Contracts.BLL", "Base.Contracts.BLL\Base.Contracts.BLL.csproj", "{3D576CC8-6469-412C-A7DA-F31A85B77BA1}"
EndProject
Project("{FAE04EC0-301F-11D3-BF4B-00C04F79EFBC}") = "App.BLL", "App.BLL\App.BLL.csproj", "{6748C0DE-FF08-445F-82AF-0C90BEEAEFD9}"
EndProject
Project("{FAE04EC0-301F-11D3-BF4B-00C04F79EFBC}") = "App.BLL.DTO", "App.BLL.DTO\App.BLL.DTO.csproj", "{D0DC3F73-8028-4B6B-9C3D-3C7D96E6810F}"
EndProject
Project("{FAE04EC0-301F-11D3-BF4B-00C04F79EFBC}") = "App.DAL.DTO", "App.DAL.DTO\App.DAL.DTO.csproj", "{3516085E-FA46-4573-8ADA-65DC12F8665E}"
EndProject
Project("{FAE04EC0-301F-11D3-BF4B-00C04F79EFBC}") = "App.Contracts.BLL", "App.Contracts.BLL\App.Contracts.BLL.csproj", "{0E653557-82A9-4EB8-ADF4-2CF8407CB2A3}"
EndProject
Project("{FAE04EC0-301F-11D3-BF4B-00C04F79EFBC}") = "Base.Contracts.DAL", "Base.Contracts.DAL\Base.Contracts.DAL.csproj", "{7651510F-B01C-4915-A821-B583426E892C}"
EndProject
Project("{2150E333-8FDC-42A3-9474-1A3956D46DE8}") = "SiteJs", "SiteJs", "{DBB98E16-B9E7-4A7D-BFC8-F54B563943CB}"
	ProjectSection(SolutionItems) = preProject
		SiteJS\.gitignore = SiteJS\.gitignore
		SiteJS\package-lock.json = SiteJS\package-lock.json
		SiteJS\package.json = SiteJS\package.json
		SiteJS\src\jquery.validate.globalize.js = SiteJS\src\jquery.validate.globalize.js
		SiteJS\src\main.css = SiteJS\src\main.css
		SiteJS\src\pagedList.css = SiteJS\src\pagedList.css
		SiteJS\src\site.ts = SiteJS\src\site.ts
		SiteJS\tsconfig.json = SiteJS\tsconfig.json
		SiteJS\webpack.config.js = SiteJS\webpack.config.js
	EndProjectSection
EndProject
Project("{FAE04EC0-301F-11D3-BF4B-00C04F79EFBC}") = "App.Public.DTO.v1", "App.Public.DTO.v1\App.Public.DTO.v1.csproj", "{2547078C-8936-4D92-AD71-5F761DA93C4E}"
EndProject
Project("{FAE04EC0-301F-11D3-BF4B-00C04F79EFBC}") = "Base.BLL", "Base.BLL\Base.BLL.csproj", "{C335BA1C-05B0-400D-9D32-87D48DFE6615}"
EndProject
Project("{2150E333-8FDC-42A3-9474-1A3956D46DE8}") = "Tests", "Tests", "{993A3FFC-8CF0-4264-9BB9-C324D101728D}"
EndProject
Project("{FAE04EC0-301F-11D3-BF4B-00C04F79EFBC}") = "Test.WebApp", "Test.WebApp\Test.WebApp.csproj", "{FE554D15-8E83-406B-AF0A-3E63DA08B961}"
EndProject
Global
	GlobalSection(SolutionConfigurationPlatforms) = preSolution
		Debug|Any CPU = Debug|Any CPU
		Release|Any CPU = Release|Any CPU
	EndGlobalSection
	GlobalSection(ProjectConfigurationPlatforms) = postSolution
		{B9DFCC6D-4ACA-4724-A433-8D4BAB986459}.Debug|Any CPU.ActiveCfg = Debug|Any CPU
		{B9DFCC6D-4ACA-4724-A433-8D4BAB986459}.Debug|Any CPU.Build.0 = Debug|Any CPU
		{B9DFCC6D-4ACA-4724-A433-8D4BAB986459}.Release|Any CPU.ActiveCfg = Release|Any CPU
		{B9DFCC6D-4ACA-4724-A433-8D4BAB986459}.Release|Any CPU.Build.0 = Release|Any CPU
		{AD0D2387-BC72-4571-83F7-A7BF4A0D7310}.Debug|Any CPU.ActiveCfg = Debug|Any CPU
		{AD0D2387-BC72-4571-83F7-A7BF4A0D7310}.Debug|Any CPU.Build.0 = Debug|Any CPU
		{AD0D2387-BC72-4571-83F7-A7BF4A0D7310}.Release|Any CPU.ActiveCfg = Release|Any CPU
		{AD0D2387-BC72-4571-83F7-A7BF4A0D7310}.Release|Any CPU.Build.0 = Release|Any CPU
		{90BBE381-7CD1-44C5-9113-E74F2CD7D57B}.Debug|Any CPU.ActiveCfg = Debug|Any CPU
		{90BBE381-7CD1-44C5-9113-E74F2CD7D57B}.Debug|Any CPU.Build.0 = Debug|Any CPU
		{90BBE381-7CD1-44C5-9113-E74F2CD7D57B}.Release|Any CPU.ActiveCfg = Release|Any CPU
		{90BBE381-7CD1-44C5-9113-E74F2CD7D57B}.Release|Any CPU.Build.0 = Release|Any CPU
		{53C308AE-82BD-4C7B-818B-14E2EAD5A540}.Debug|Any CPU.ActiveCfg = Debug|Any CPU
		{53C308AE-82BD-4C7B-818B-14E2EAD5A540}.Debug|Any CPU.Build.0 = Debug|Any CPU
		{53C308AE-82BD-4C7B-818B-14E2EAD5A540}.Release|Any CPU.ActiveCfg = Release|Any CPU
		{53C308AE-82BD-4C7B-818B-14E2EAD5A540}.Release|Any CPU.Build.0 = Release|Any CPU
		{B8C236E1-31FF-40EF-BA65-2A6DBC21A06C}.Debug|Any CPU.ActiveCfg = Debug|Any CPU
		{B8C236E1-31FF-40EF-BA65-2A6DBC21A06C}.Debug|Any CPU.Build.0 = Debug|Any CPU
		{B8C236E1-31FF-40EF-BA65-2A6DBC21A06C}.Release|Any CPU.ActiveCfg = Release|Any CPU
		{B8C236E1-31FF-40EF-BA65-2A6DBC21A06C}.Release|Any CPU.Build.0 = Release|Any CPU
		{2BA33380-054C-411B-BE3C-8C3448C0F755}.Debug|Any CPU.ActiveCfg = Debug|Any CPU
		{2BA33380-054C-411B-BE3C-8C3448C0F755}.Debug|Any CPU.Build.0 = Debug|Any CPU
		{2BA33380-054C-411B-BE3C-8C3448C0F755}.Release|Any CPU.ActiveCfg = Release|Any CPU
		{2BA33380-054C-411B-BE3C-8C3448C0F755}.Release|Any CPU.Build.0 = Release|Any CPU
		{E18F2BDD-3996-4861-B288-2F36BBED0192}.Debug|Any CPU.ActiveCfg = Debug|Any CPU
		{E18F2BDD-3996-4861-B288-2F36BBED0192}.Debug|Any CPU.Build.0 = Debug|Any CPU
		{E18F2BDD-3996-4861-B288-2F36BBED0192}.Release|Any CPU.ActiveCfg = Release|Any CPU
		{E18F2BDD-3996-4861-B288-2F36BBED0192}.Release|Any CPU.Build.0 = Release|Any CPU
		{6AB73714-2623-4E9C-86D2-B8A29990E2C6}.Debug|Any CPU.ActiveCfg = Debug|Any CPU
		{6AB73714-2623-4E9C-86D2-B8A29990E2C6}.Debug|Any CPU.Build.0 = Debug|Any CPU
		{6AB73714-2623-4E9C-86D2-B8A29990E2C6}.Release|Any CPU.ActiveCfg = Release|Any CPU
		{6AB73714-2623-4E9C-86D2-B8A29990E2C6}.Release|Any CPU.Build.0 = Release|Any CPU
		{76A9D059-87EA-4934-A920-0447D48269D4}.Debug|Any CPU.ActiveCfg = Debug|Any CPU
		{76A9D059-87EA-4934-A920-0447D48269D4}.Debug|Any CPU.Build.0 = Debug|Any CPU
		{76A9D059-87EA-4934-A920-0447D48269D4}.Release|Any CPU.ActiveCfg = Release|Any CPU
		{76A9D059-87EA-4934-A920-0447D48269D4}.Release|Any CPU.Build.0 = Release|Any CPU
		{157A5956-968B-460D-B8E7-84F27FC6B09C}.Debug|Any CPU.ActiveCfg = Debug|Any CPU
		{157A5956-968B-460D-B8E7-84F27FC6B09C}.Debug|Any CPU.Build.0 = Debug|Any CPU
		{157A5956-968B-460D-B8E7-84F27FC6B09C}.Release|Any CPU.ActiveCfg = Release|Any CPU
		{157A5956-968B-460D-B8E7-84F27FC6B09C}.Release|Any CPU.Build.0 = Release|Any CPU
		{C1C4E770-F102-4002-A9E6-7E085A0CA3FF}.Debug|Any CPU.ActiveCfg = Debug|Any CPU
		{C1C4E770-F102-4002-A9E6-7E085A0CA3FF}.Debug|Any CPU.Build.0 = Debug|Any CPU
		{C1C4E770-F102-4002-A9E6-7E085A0CA3FF}.Release|Any CPU.ActiveCfg = Release|Any CPU
		{C1C4E770-F102-4002-A9E6-7E085A0CA3FF}.Release|Any CPU.Build.0 = Release|Any CPU
		{5E1B3717-B96A-428A-ABFF-D67BED4107DA}.Debug|Any CPU.ActiveCfg = Debug|Any CPU
		{5E1B3717-B96A-428A-ABFF-D67BED4107DA}.Debug|Any CPU.Build.0 = Debug|Any CPU
		{5E1B3717-B96A-428A-ABFF-D67BED4107DA}.Release|Any CPU.ActiveCfg = Release|Any CPU
		{5E1B3717-B96A-428A-ABFF-D67BED4107DA}.Release|Any CPU.Build.0 = Release|Any CPU
		{757ED613-5EFF-4140-94CD-C27121D335F6}.Debug|Any CPU.ActiveCfg = Debug|Any CPU
		{757ED613-5EFF-4140-94CD-C27121D335F6}.Debug|Any CPU.Build.0 = Debug|Any CPU
		{757ED613-5EFF-4140-94CD-C27121D335F6}.Release|Any CPU.ActiveCfg = Release|Any CPU
		{757ED613-5EFF-4140-94CD-C27121D335F6}.Release|Any CPU.Build.0 = Release|Any CPU
		{3D576CC8-6469-412C-A7DA-F31A85B77BA1}.Debug|Any CPU.ActiveCfg = Debug|Any CPU
		{3D576CC8-6469-412C-A7DA-F31A85B77BA1}.Debug|Any CPU.Build.0 = Debug|Any CPU
		{3D576CC8-6469-412C-A7DA-F31A85B77BA1}.Release|Any CPU.ActiveCfg = Release|Any CPU
		{3D576CC8-6469-412C-A7DA-F31A85B77BA1}.Release|Any CPU.Build.0 = Release|Any CPU
		{6748C0DE-FF08-445F-82AF-0C90BEEAEFD9}.Debug|Any CPU.ActiveCfg = Debug|Any CPU
		{6748C0DE-FF08-445F-82AF-0C90BEEAEFD9}.Debug|Any CPU.Build.0 = Debug|Any CPU
		{6748C0DE-FF08-445F-82AF-0C90BEEAEFD9}.Release|Any CPU.ActiveCfg = Release|Any CPU
		{6748C0DE-FF08-445F-82AF-0C90BEEAEFD9}.Release|Any CPU.Build.0 = Release|Any CPU
		{D0DC3F73-8028-4B6B-9C3D-3C7D96E6810F}.Debug|Any CPU.ActiveCfg = Debug|Any CPU
		{D0DC3F73-8028-4B6B-9C3D-3C7D96E6810F}.Debug|Any CPU.Build.0 = Debug|Any CPU
		{D0DC3F73-8028-4B6B-9C3D-3C7D96E6810F}.Release|Any CPU.ActiveCfg = Release|Any CPU
		{D0DC3F73-8028-4B6B-9C3D-3C7D96E6810F}.Release|Any CPU.Build.0 = Release|Any CPU
		{3516085E-FA46-4573-8ADA-65DC12F8665E}.Debug|Any CPU.ActiveCfg = Debug|Any CPU
		{3516085E-FA46-4573-8ADA-65DC12F8665E}.Debug|Any CPU.Build.0 = Debug|Any CPU
		{3516085E-FA46-4573-8ADA-65DC12F8665E}.Release|Any CPU.ActiveCfg = Release|Any CPU
		{3516085E-FA46-4573-8ADA-65DC12F8665E}.Release|Any CPU.Build.0 = Release|Any CPU
		{0E653557-82A9-4EB8-ADF4-2CF8407CB2A3}.Debug|Any CPU.ActiveCfg = Debug|Any CPU
		{0E653557-82A9-4EB8-ADF4-2CF8407CB2A3}.Debug|Any CPU.Build.0 = Debug|Any CPU
		{0E653557-82A9-4EB8-ADF4-2CF8407CB2A3}.Release|Any CPU.ActiveCfg = Release|Any CPU
		{0E653557-82A9-4EB8-ADF4-2CF8407CB2A3}.Release|Any CPU.Build.0 = Release|Any CPU
		{7651510F-B01C-4915-A821-B583426E892C}.Debug|Any CPU.ActiveCfg = Debug|Any CPU
		{7651510F-B01C-4915-A821-B583426E892C}.Debug|Any CPU.Build.0 = Debug|Any CPU
		{7651510F-B01C-4915-A821-B583426E892C}.Release|Any CPU.ActiveCfg = Release|Any CPU
		{7651510F-B01C-4915-A821-B583426E892C}.Release|Any CPU.Build.0 = Release|Any CPU
		{2547078C-8936-4D92-AD71-5F761DA93C4E}.Debug|Any CPU.ActiveCfg = Debug|Any CPU
		{2547078C-8936-4D92-AD71-5F761DA93C4E}.Debug|Any CPU.Build.0 = Debug|Any CPU
		{2547078C-8936-4D92-AD71-5F761DA93C4E}.Release|Any CPU.ActiveCfg = Release|Any CPU
		{2547078C-8936-4D92-AD71-5F761DA93C4E}.Release|Any CPU.Build.0 = Release|Any CPU
		{C335BA1C-05B0-400D-9D32-87D48DFE6615}.Debug|Any CPU.ActiveCfg = Debug|Any CPU
		{C335BA1C-05B0-400D-9D32-87D48DFE6615}.Debug|Any CPU.Build.0 = Debug|Any CPU
		{C335BA1C-05B0-400D-9D32-87D48DFE6615}.Release|Any CPU.ActiveCfg = Release|Any CPU
		{C335BA1C-05B0-400D-9D32-87D48DFE6615}.Release|Any CPU.Build.0 = Release|Any CPU
		{FE554D15-8E83-406B-AF0A-3E63DA08B961}.Debug|Any CPU.ActiveCfg = Debug|Any CPU
		{FE554D15-8E83-406B-AF0A-3E63DA08B961}.Debug|Any CPU.Build.0 = Debug|Any CPU
		{FE554D15-8E83-406B-AF0A-3E63DA08B961}.Release|Any CPU.ActiveCfg = Release|Any CPU
		{FE554D15-8E83-406B-AF0A-3E63DA08B961}.Release|Any CPU.Build.0 = Release|Any CPU
	EndGlobalSection
	GlobalSection(NestedProjects) = preSolution
		{B9DFCC6D-4ACA-4724-A433-8D4BAB986459} = {920D8DFF-99D6-47B1-99CF-F0458F663DE6}
		{AD0D2387-BC72-4571-83F7-A7BF4A0D7310} = {920D8DFF-99D6-47B1-99CF-F0458F663DE6}
		{90BBE381-7CD1-44C5-9113-E74F2CD7D57B} = {8ED961F5-24EE-4BC2-902C-0B91A3AEDF39}
		{53C308AE-82BD-4C7B-818B-14E2EAD5A540} = {B77998BD-6000-4E5C-BC5F-BD5E4186CF18}
		{B8C236E1-31FF-40EF-BA65-2A6DBC21A06C} = {920D8DFF-99D6-47B1-99CF-F0458F663DE6}
		{2BA33380-054C-411B-BE3C-8C3448C0F755} = {920D8DFF-99D6-47B1-99CF-F0458F663DE6}
		{E18F2BDD-3996-4861-B288-2F36BBED0192} = {8ED961F5-24EE-4BC2-902C-0B91A3AEDF39}
		{6AB73714-2623-4E9C-86D2-B8A29990E2C6} = {8ED961F5-24EE-4BC2-902C-0B91A3AEDF39}
		{76A9D059-87EA-4934-A920-0447D48269D4} = {8ED961F5-24EE-4BC2-902C-0B91A3AEDF39}
		{157A5956-968B-460D-B8E7-84F27FC6B09C} = {920D8DFF-99D6-47B1-99CF-F0458F663DE6}
		{C1C4E770-F102-4002-A9E6-7E085A0CA3FF} = {8ED961F5-24EE-4BC2-902C-0B91A3AEDF39}
		{5E1B3717-B96A-428A-ABFF-D67BED4107DA} = {8ED961F5-24EE-4BC2-902C-0B91A3AEDF39}
		{757ED613-5EFF-4140-94CD-C27121D335F6} = {B77998BD-6000-4E5C-BC5F-BD5E4186CF18}
		{3D576CC8-6469-412C-A7DA-F31A85B77BA1} = {B77998BD-6000-4E5C-BC5F-BD5E4186CF18}
		{6748C0DE-FF08-445F-82AF-0C90BEEAEFD9} = {920D8DFF-99D6-47B1-99CF-F0458F663DE6}
		{D0DC3F73-8028-4B6B-9C3D-3C7D96E6810F} = {920D8DFF-99D6-47B1-99CF-F0458F663DE6}
		{3516085E-FA46-4573-8ADA-65DC12F8665E} = {920D8DFF-99D6-47B1-99CF-F0458F663DE6}
		{0E653557-82A9-4EB8-ADF4-2CF8407CB2A3} = {920D8DFF-99D6-47B1-99CF-F0458F663DE6}
		{7651510F-B01C-4915-A821-B583426E892C} = {B77998BD-6000-4E5C-BC5F-BD5E4186CF18}
		{DBB98E16-B9E7-4A7D-BFC8-F54B563943CB} = {FC13024E-4537-4098-A015-A8A96C88EA90}
		{2547078C-8936-4D92-AD71-5F761DA93C4E} = {920D8DFF-99D6-47B1-99CF-F0458F663DE6}
		{C335BA1C-05B0-400D-9D32-87D48DFE6615} = {8ED961F5-24EE-4BC2-902C-0B91A3AEDF39}
		{FE554D15-8E83-406B-AF0A-3E63DA08B961} = {993A3FFC-8CF0-4264-9BB9-C324D101728D}
	EndGlobalSection
EndGlobal
